
Microsoft Visual Studio Solution File, Format Version 12.00
# Visual Studio Version 17
VisualStudioVersion = 17.10.35122.118
MinimumVisualStudioVersion = 10.0.40219.1
Project("{FAE04EC0-301F-11D3-BF4B-00C04F79EFBC}") = "test0803", "test0803.csproj", "{EE61078E-CC36-433F-A4C4-FB6CCDCEF2EC}"
EndProject
Global
	GlobalSection(SolutionConfigurationPlatforms) = preSolution
		Debug|Any CPU = Debug|Any CPU
		Release|Any CPU = Release|Any CPU
	EndGlobalSection
	GlobalSection(ProjectConfigurationPlatforms) = postSolution
		{EE61078E-CC36-433F-A4C4-FB6CCDCEF2EC}.Debug|Any CPU.ActiveCfg = Debug|Any CPU
		{EE61078E-CC36-433F-A4C4-FB6CCDCEF2EC}.Debug|Any CPU.Build.0 = Debug|Any CPU
		{EE61078E-CC36-433F-A4C4-FB6CCDCEF2EC}.Release|Any CPU.ActiveCfg = Release|Any CPU
		{EE61078E-CC36-433F-A4C4-FB6CCDCEF2EC}.Release|Any CPU.Build.0 = Release|Any CPU
	EndGlobalSection
	GlobalSection(SolutionProperties) = preSolution
		HideSolutionNode = FALSE
	EndGlobalSection
	GlobalSection(ExtensibilityGlobals) = postSolution
		SolutionGuid = {724D014F-A084-4A93-A22E-DE05896B64CB}
	EndGlobalSection
EndGlobal
